
Microsoft Visual Studio Solution File, Format Version 12.00
# Visual Studio Version 16
VisualStudioVersion = 16.0.33801.447
MinimumVisualStudioVersion = 10.0.40219.1
Project("{FAE04EC0-301F-11D3-BF4B-00C04F79EFBC}") = "Ex01_1", "Ex01_1\Ex01_1.csproj", "{35682F88-F596-4A79-A3DD-A2EAB8E41739}"
EndProject
Project("{FAE04EC0-301F-11D3-BF4B-00C04F79EFBC}") = "Ex01_2", "Ex01_2\Ex01_2.csproj", "{A71201CD-B1AF-42CD-9C81-679B375B40FC}"
EndProject
Project("{FAE04EC0-301F-11D3-BF4B-00C04F79EFBC}") = "Ex01_3", "Ex01_3\Ex01_3.csproj", "{862A4F99-490A-44F9-95DB-F4AF7BE58269}"
EndProject
Project("{FAE04EC0-301F-11D3-BF4B-00C04F79EFBC}") = "Ex01_4", "Ex01_4\Ex01_4.csproj", "{0A72EF31-F521-4856-A416-E644E40EE522}"
EndProject
Project("{FAE04EC0-301F-11D3-BF4B-00C04F79EFBC}") = "Ex01_6", "Ex01_6\Ex01_6.csproj", "{F4DD5F12-F40D-4B8C-84D6-6FC89CBFE688}"
EndProject
Global
	GlobalSection(SolutionConfigurationPlatforms) = preSolution
		Debug|Any CPU = Debug|Any CPU
		Release|Any CPU = Release|Any CPU
	EndGlobalSection
	GlobalSection(ProjectConfigurationPlatforms) = postSolution
		{35682F88-F596-4A79-A3DD-A2EAB8E41739}.Debug|Any CPU.ActiveCfg = Debug|Any CPU
		{35682F88-F596-4A79-A3DD-A2EAB8E41739}.Debug|Any CPU.Build.0 = Debug|Any CPU
		{35682F88-F596-4A79-A3DD-A2EAB8E41739}.Release|Any CPU.ActiveCfg = Release|Any CPU
		{35682F88-F596-4A79-A3DD-A2EAB8E41739}.Release|Any CPU.Build.0 = Release|Any CPU
		{A71201CD-B1AF-42CD-9C81-679B375B40FC}.Debug|Any CPU.ActiveCfg = Debug|Any CPU
		{A71201CD-B1AF-42CD-9C81-679B375B40FC}.Debug|Any CPU.Build.0 = Debug|Any CPU
		{A71201CD-B1AF-42CD-9C81-679B375B40FC}.Release|Any CPU.ActiveCfg = Release|Any CPU
		{A71201CD-B1AF-42CD-9C81-679B375B40FC}.Release|Any CPU.Build.0 = Release|Any CPU
		{862A4F99-490A-44F9-95DB-F4AF7BE58269}.Debug|Any CPU.ActiveCfg = Debug|Any CPU
		{862A4F99-490A-44F9-95DB-F4AF7BE58269}.Debug|Any CPU.Build.0 = Debug|Any CPU
		{862A4F99-490A-44F9-95DB-F4AF7BE58269}.Release|Any CPU.ActiveCfg = Release|Any CPU
		{862A4F99-490A-44F9-95DB-F4AF7BE58269}.Release|Any CPU.Build.0 = Release|Any CPU
		{0A72EF31-F521-4856-A416-E644E40EE522}.Debug|Any CPU.ActiveCfg = Debug|Any CPU
		{0A72EF31-F521-4856-A416-E644E40EE522}.Debug|Any CPU.Build.0 = Debug|Any CPU
		{0A72EF31-F521-4856-A416-E644E40EE522}.Release|Any CPU.ActiveCfg = Release|Any CPU
		{0A72EF31-F521-4856-A416-E644E40EE522}.Release|Any CPU.Build.0 = Release|Any CPU
		{F4DD5F12-F40D-4B8C-84D6-6FC89CBFE688}.Debug|Any CPU.ActiveCfg = Debug|Any CPU
		{F4DD5F12-F40D-4B8C-84D6-6FC89CBFE688}.Debug|Any CPU.Build.0 = Debug|Any CPU
		{F4DD5F12-F40D-4B8C-84D6-6FC89CBFE688}.Release|Any CPU.ActiveCfg = Release|Any CPU
		{F4DD5F12-F40D-4B8C-84D6-6FC89CBFE688}.Release|Any CPU.Build.0 = Release|Any CPU
	EndGlobalSection
	GlobalSection(SolutionProperties) = preSolution
		HideSolutionNode = FALSE
	EndGlobalSection
	GlobalSection(ExtensibilityGlobals) = postSolution
		SolutionGuid = {91013EB7-8240-4CFA-ADE0-D1F187373A37}
	EndGlobalSection
EndGlobal
